
Microsoft Visual Studio Solution File, Format Version 12.00
# Visual Studio Version 17
VisualStudioVersion = 17.5.33530.505
MinimumVisualStudioVersion = 10.0.40219.1
Project("{FAE04EC0-301F-11D3-BF4B-00C04F79EFBC}") = "waTiendadeZapatos", "waTiendadeZapatos\waTiendadeZapatos.csproj", "{ED8613FB-379D-427F-A10E-F3D3A2522D6E}"
EndProject
Global
	GlobalSection(SolutionConfigurationPlatforms) = preSolution
		Debug|Any CPU = Debug|Any CPU
		Release|Any CPU = Release|Any CPU
	EndGlobalSection
	GlobalSection(ProjectConfigurationPlatforms) = postSolution
		{ED8613FB-379D-427F-A10E-F3D3A2522D6E}.Debug|Any CPU.ActiveCfg = Debug|Any CPU
		{ED8613FB-379D-427F-A10E-F3D3A2522D6E}.Debug|Any CPU.Build.0 = Debug|Any CPU
		{ED8613FB-379D-427F-A10E-F3D3A2522D6E}.Release|Any CPU.ActiveCfg = Release|Any CPU
		{ED8613FB-379D-427F-A10E-F3D3A2522D6E}.Release|Any CPU.Build.0 = Release|Any CPU
	EndGlobalSection
	GlobalSection(SolutionProperties) = preSolution
		HideSolutionNode = FALSE
	EndGlobalSection
	GlobalSection(ExtensibilityGlobals) = postSolution
		SolutionGuid = {08DFA3F9-414D-446D-9C13-9F91D9D10C85}
	EndGlobalSection
EndGlobal
